// !$*UTF8*$!
{
	archiveVersion = 1;
	classes = {
	};
	objectVersion = 46;
	objects = {

/* Begin PBXBuildFile section */
		D913DDAC1D8C7CAF000AD569 /* Foundation.framework in Frameworks */ = {isa = PBXBuildFile; fileRef = D913DDAB1D8C7CAF000AD569 /* Foundation.framework */; };
		D913DDAE1D8C7CAF000AD569 /* CoreGraphics.framework in Frameworks */ = {isa = PBXBuildFile; fileRef = D913DDAD1D8C7CAF000AD569 /* CoreGraphics.framework */; };
		D913DDB01D8C7CAF000AD569 /* UIKit.framework in Frameworks */ = {isa = PBXBuildFile; fileRef = D913DDAF1D8C7CAF000AD569 /* UIKit.framework */; };
		D913DDB21D8C7CAF000AD569 /* SpriteKit.framework in Frameworks */ = {isa = PBXBuildFile; fileRef = D913DDB11D8C7CAF000AD569 /* SpriteKit.framework */; };
		D913DDB81D8C7CAF000AD569 /* InfoPlist.strings in Resources */ = {isa = PBXBuildFile; fileRef = D913DDB61D8C7CAF000AD569 /* InfoPlist.strings */; };
		D913DDBA1D8C7CAF000AD569 /* main.m in Sources */ = {isa = PBXBuildFile; fileRef = D913DDB91D8C7CAF000AD569 /* main.m */; };
		D913DDBE1D8C7CAF000AD569 /* ANAppDelegate.m in Sources */ = {isa = PBXBuildFile; fileRef = D913DDBD1D8C7CAF000AD569 /* ANAppDelegate.m */; };
		D913DDC11D8C7CB0000AD569 /* Main_iPhone.storyboard in Resources */ = {isa = PBXBuildFile; fileRef = D913DDBF1D8C7CB0000AD569 /* Main_iPhone.storyboard */; };
		D913DDC41D8C7CB0000AD569 /* Main_iPad.storyboard in Resources */ = {isa = PBXBuildFile; fileRef = D913DDC21D8C7CB0000AD569 /* Main_iPad.storyboard */; };
		D913DDC71D8C7CB0000AD569 /* ANViewController.m in Sources */ = {isa = PBXBuildFile; fileRef = D913DDC61D8C7CB0000AD569 /* ANViewController.m */; };
		D913DDCA1D8C7CB0000AD569 /* ANMyScene.m in Sources */ = {isa = PBXBuildFile; fileRef = D913DDC91D8C7CB0000AD569 /* ANMyScene.m */; };
		D913DDCC1D8C7CB0000AD569 /* Spaceship.png in Resources */ = {isa = PBXBuildFile; fileRef = D913DDCB1D8C7CB0000AD569 /* Spaceship.png */; };
		D913DDCE1D8C7CB0000AD569 /* Images.xcassets in Resources */ = {isa = PBXBuildFile; fileRef = D913DDCD1D8C7CB0000AD569 /* Images.xcassets */; };
		D913DDD51D8C7CB0000AD569 /* XCTest.framework in Frameworks */ = {isa = PBXBuildFile; fileRef = D913DDD41D8C7CB0000AD569 /* XCTest.framework */; };
		D913DDD61D8C7CB0000AD569 /* Foundation.framework in Frameworks */ = {isa = PBXBuildFile; fileRef = D913DDAB1D8C7CAF000AD569 /* Foundation.framework */; };
		D913DDD71D8C7CB0000AD569 /* UIKit.framework in Frameworks */ = {isa = PBXBuildFile; fileRef = D913DDAF1D8C7CAF000AD569 /* UIKit.framework */; };
		D913DDDF1D8C7CB0000AD569 /* InfoPlist.strings in Resources */ = {isa = PBXBuildFile; fileRef = D913DDDD1D8C7CB0000AD569 /* InfoPlist.strings */; };
		D913DDE11D8C7CB0000AD569 /* SpaceInvadersTests.m in Sources */ = {isa = PBXBuildFile; fileRef = D913DDE01D8C7CB0000AD569 /* SpaceInvadersTests.m */; };
		D913DDF31D8C7F76000AD569 /* alein11.png in Resources */ = {isa = PBXBuildFile; fileRef = D913DDEB1D8C7F76000AD569 /* alein11.png */; };
		D913DDF41D8C7F76000AD569 /* alien12.png in Resources */ = {isa = PBXBuildFile; fileRef = D913DDEC1D8C7F76000AD569 /* alien12.png */; };
		D913DDF51D8C7F76000AD569 /* alien21.png in Resources */ = {isa = PBXBuildFile; fileRef = D913DDED1D8C7F76000AD569 /* alien21.png */; };
		D913DDF61D8C7F76000AD569 /* alien22.png in Resources */ = {isa = PBXBuildFile; fileRef = D913DDEE1D8C7F76000AD569 /* alien22.png */; };
		D913DDF71D8C7F76000AD569 /* alien31.png in Resources */ = {isa = PBXBuildFile; fileRef = D913DDEF1D8C7F76000AD569 /* alien31.png */; };
		D913DDF81D8C7F76000AD569 /* alien32.png in Resources */ = {isa = PBXBuildFile; fileRef = D913DDF01D8C7F76000AD569 /* alien32.png */; };
		D913DDF91D8C7F76000AD569 /* aliens_ship.png in Resources */ = {isa = PBXBuildFile; fileRef = D913DDF11D8C7F76000AD569 /* aliens_ship.png */; };
		D913DDFA1D8C7F76000AD569 /* rocket.png in Resources */ = {isa = PBXBuildFile; fileRef = D913DDF21D8C7F76000AD569 /* rocket.png */; };
		D913DE031D8C821A000AD569 /* alein11@2x.png in Resources */ = {isa = PBXBuildFile; fileRef = D913DDFB1D8C821A000AD569 /* alein11@2x.png */; };
		D913DE041D8C821A000AD569 /* alien12@2x.png in Resources */ = {isa = PBXBuildFile; fileRef = D913DDFC1D8C821A000AD569 /* alien12@2x.png */; };
		D913DE051D8C821A000AD569 /* alien21@2x.png in Resources */ = {isa = PBXBuildFile; fileRef = D913DDFD1D8C821A000AD569 /* alien21@2x.png */; };
		D913DE061D8C821A000AD569 /* alien22@2x.png in Resources */ = {isa = PBXBuildFile; fileRef = D913DDFE1D8C821A000AD569 /* alien22@2x.png */; };
		D913DE071D8C821A000AD569 /* alien31@2x.png in Resources */ = {isa = PBXBuildFile; fileRef = D913DDFF1D8C821A000AD569 /* alien31@2x.png */; };
		D913DE081D8C821A000AD569 /* alien32@2x.png in Resources */ = {isa = PBXBuildFile; fileRef = D913DE001D8C821A000AD569 /* alien32@2x.png */; };
		D913DE091D8C821A000AD569 /* aliens_ship@2x.png in Resources */ = {isa = PBXBuildFile; fileRef = D913DE011D8C821A000AD569 /* aliens_ship@2x.png */; };
		D913DE0A1D8C821A000AD569 /* rocket@2x.png in Resources */ = {isa = PBXBuildFile; fileRef = D913DE021D8C821A000AD569 /* rocket@2x.png */; };
		D913DE0C1D8C868D000AD569 /* bullet.png in Resources */ = {isa = PBXBuildFile; fileRef = D913DE0B1D8C868D000AD569 /* bullet.png */; };
		D913DE0E1D8C8847000AD569 /* bullet_down.png in Resources */ = {isa = PBXBuildFile; fileRef = D913DE0D1D8C8847000AD569 /* bullet_down.png */; };
		D913DE101D8D20C9000AD569 /* boom.png in Resources */ = {isa = PBXBuildFile; fileRef = D913DE0F1D8D20C9000AD569 /* boom.png */; };
		D913DEB71D8F1260000AD569 /* ANSceneFinish.m in Sources */ = {isa = PBXBuildFile; fileRef = D913DEB61D8F1260000AD569 /* ANSceneFinish.m */; };
/* End PBXBuildFile section */

/* Begin PBXContainerItemProxy section */
		D913DDD81D8C7CB0000AD569 /* PBXContainerItemProxy */ = {
			isa = PBXContainerItemProxy;
			containerPortal = D913DDA01D8C7CAF000AD569 /* Project object */;
			proxyType = 1;
			remoteGlobalIDString = D913DDA71D8C7CAF000AD569;
			remoteInfo = SpaceInvaders;
		};
/* End PBXContainerItemProxy section */

/* Begin PBXFileReference section */
		D913DDA81D8C7CAF000AD569 /* SpaceInvaders.app */ = {isa = PBXFileReference; explicitFileType = wrapper.application; includeInIndex = 0; path = SpaceInvaders.app; sourceTree = BUILT_PRODUCTS_DIR; };
		D913DDAB1D8C7CAF000AD569 /* Foundation.framework */ = {isa = PBXFileReference; lastKnownFileType = wrapper.framework; name = Foundation.framework; path = System/Library/Frameworks/Foundation.framework; sourceTree = SDKROOT; };
		D913DDAD1D8C7CAF000AD569 /* CoreGraphics.framework */ = {isa = PBXFileReference; lastKnownFileType = wrapper.framework; name = CoreGraphics.framework; path = System/Library/Frameworks/CoreGraphics.framework; sourceTree = SDKROOT; };
		D913DDAF1D8C7CAF000AD569 /* UIKit.framework */ = {isa = PBXFileReference; lastKnownFileType = wrapper.framework; name = UIKit.framework; path = System/Library/Frameworks/UIKit.framework; sourceTree = SDKROOT; };
		D913DDB11D8C7CAF000AD569 /* SpriteKit.framework */ = {isa = PBXFileReference; lastKnownFileType = wrapper.framework; name = SpriteKit.framework; path = System/Library/Frameworks/SpriteKit.framework; sourceTree = SDKROOT; };
		D913DDB51D8C7CAF000AD569 /* SpaceInvaders-Info.plist */ = {isa = PBXFileReference; lastKnownFileType = text.plist.xml; path = "SpaceInvaders-Info.plist"; sourceTree = "<group>"; };
		D913DDB71D8C7CAF000AD569 /* en */ = {isa = PBXFileReference; lastKnownFileType = text.plist.strings; name = en; path = en.lproj/InfoPlist.strings; sourceTree = "<group>"; };
		D913DDB91D8C7CAF000AD569 /* main.m */ = {isa = PBXFileReference; lastKnownFileType = sourcecode.c.objc; path = main.m; sourceTree = "<group>"; };
		D913DDBB1D8C7CAF000AD569 /* SpaceInvaders-Prefix.pch */ = {isa = PBXFileReference; lastKnownFileType = sourcecode.c.h; path = "SpaceInvaders-Prefix.pch"; sourceTree = "<group>"; };
		D913DDBC1D8C7CAF000AD569 /* ANAppDelegate.h */ = {isa = PBXFileReference; lastKnownFileType = sourcecode.c.h; path = ANAppDelegate.h; sourceTree = "<group>"; };
		D913DDBD1D8C7CAF000AD569 /* ANAppDelegate.m */ = {isa = PBXFileReference; lastKnownFileType = sourcecode.c.objc; path = ANAppDelegate.m; sourceTree = "<group>"; };
		D913DDC01D8C7CB0000AD569 /* Base */ = {isa = PBXFileReference; lastKnownFileType = file.storyboard; name = Base; path = Base.lproj/Main_iPhone.storyboard; sourceTree = "<group>"; };
		D913DDC31D8C7CB0000AD569 /* Base */ = {isa = PBXFileReference; lastKnownFileType = file.storyboard; name = Base; path = Base.lproj/Main_iPad.storyboard; sourceTree = "<group>"; };
		D913DDC51D8C7CB0000AD569 /* ANViewController.h */ = {isa = PBXFileReference; lastKnownFileType = sourcecode.c.h; path = ANViewController.h; sourceTree = "<group>"; };
		D913DDC61D8C7CB0000AD569 /* ANViewController.m */ = {isa = PBXFileReference; lastKnownFileType = sourcecode.c.objc; path = ANViewController.m; sourceTree = "<group>"; };
		D913DDC81D8C7CB0000AD569 /* ANMyScene.h */ = {isa = PBXFileReference; lastKnownFileType = sourcecode.c.h; path = ANMyScene.h; sourceTree = "<group>"; };
		D913DDC91D8C7CB0000AD569 /* ANMyScene.m */ = {isa = PBXFileReference; lastKnownFileType = sourcecode.c.objc; path = ANMyScene.m; sourceTree = "<group>"; };
		D913DDCB1D8C7CB0000AD569 /* Spaceship.png */ = {isa = PBXFileReference; lastKnownFileType = image.png; path = Spaceship.png; sourceTree = "<group>"; };
		D913DDCD1D8C7CB0000AD569 /* Images.xcassets */ = {isa = PBXFileReference; lastKnownFileType = folder.assetcatalog; path = Images.xcassets; sourceTree = "<group>"; };
		D913DDD31D8C7CB0000AD569 /* SpaceInvadersTests.xctest */ = {isa = PBXFileReference; explicitFileType = wrapper.cfbundle; includeInIndex = 0; path = SpaceInvadersTests.xctest; sourceTree = BUILT_PRODUCTS_DIR; };
		D913DDD41D8C7CB0000AD569 /* XCTest.framework */ = {isa = PBXFileReference; lastKnownFileType = wrapper.framework; name = XCTest.framework; path = Library/Frameworks/XCTest.framework; sourceTree = DEVELOPER_DIR; };
		D913DDDC1D8C7CB0000AD569 /* SpaceInvadersTests-Info.plist */ = {isa = PBXFileReference; lastKnownFileType = text.plist.xml; path = "SpaceInvadersTests-Info.plist"; sourceTree = "<group>"; };
		D913DDDE1D8C7CB0000AD569 /* en */ = {isa = PBXFileReference; lastKnownFileType = text.plist.strings; name = en; path = en.lproj/InfoPlist.strings; sourceTree = "<group>"; };
		D913DDE01D8C7CB0000AD569 /* SpaceInvadersTests.m */ = {isa = PBXFileReference; lastKnownFileType = sourcecode.c.objc; path = SpaceInvadersTests.m; sourceTree = "<group>"; };
		D913DDEB1D8C7F76000AD569 /* alein11.png */ = {isa = PBXFileReference; lastKnownFileType = image.png; path = alein11.png; sourceTree = "<group>"; };
		D913DDEC1D8C7F76000AD569 /* alien12.png */ = {isa = PBXFileReference; lastKnownFileType = image.png; path = alien12.png; sourceTree = "<group>"; };
		D913DDED1D8C7F76000AD569 /* alien21.png */ = {isa = PBXFileReference; lastKnownFileType = image.png; path = alien21.png; sourceTree = "<group>"; };
		D913DDEE1D8C7F76000AD569 /* alien22.png */ = {isa = PBXFileReference; lastKnownFileType = image.png; path = alien22.png; sourceTree = "<group>"; };
		D913DDEF1D8C7F76000AD569 /* alien31.png */ = {isa = PBXFileReference; lastKnownFileType = image.png; path = alien31.png; sourceTree = "<group>"; };
		D913DDF01D8C7F76000AD569 /* alien32.png */ = {isa = PBXFileReference; lastKnownFileType = image.png; path = alien32.png; sourceTree = "<group>"; };
		D913DDF11D8C7F76000AD569 /* aliens_ship.png */ = {isa = PBXFileReference; lastKnownFileType = image.png; path = aliens_ship.png; sourceTree = "<group>"; };
		D913DDF21D8C7F76000AD569 /* rocket.png */ = {isa = PBXFileReference; lastKnownFileType = image.png; path = rocket.png; sourceTree = "<group>"; };
		D913DDFB1D8C821A000AD569 /* alein11@2x.png */ = {isa = PBXFileReference; lastKnownFileType = image.png; path = "alein11@2x.png"; sourceTree = "<group>"; };
		D913DDFC1D8C821A000AD569 /* alien12@2x.png */ = {isa = PBXFileReference; lastKnownFileType = image.png; path = "alien12@2x.png"; sourceTree = "<group>"; };
		D913DDFD1D8C821A000AD569 /* alien21@2x.png */ = {isa = PBXFileReference; lastKnownFileType = image.png; path = "alien21@2x.png"; sourceTree = "<group>"; };
		D913DDFE1D8C821A000AD569 /* alien22@2x.png */ = {isa = PBXFileReference; lastKnownFileType = image.png; path = "alien22@2x.png"; sourceTree = "<group>"; };
		D913DDFF1D8C821A000AD569 /* alien31@2x.png */ = {isa = PBXFileReference; lastKnownFileType = image.png; path = "alien31@2x.png"; sourceTree = "<group>"; };
		D913DE001D8C821A000AD569 /* alien32@2x.png */ = {isa = PBXFileReference; lastKnownFileType = image.png; path = "alien32@2x.png"; sourceTree = "<group>"; };
		D913DE011D8C821A000AD569 /* aliens_ship@2x.png */ = {isa = PBXFileReference; lastKnownFileType = image.png; path = "aliens_ship@2x.png"; sourceTree = "<group>"; };
		D913DE021D8C821A000AD569 /* rocket@2x.png */ = {isa = PBXFileReference; lastKnownFileType = image.png; path = "rocket@2x.png"; sourceTree = "<group>"; };
		D913DE0B1D8C868D000AD569 /* bullet.png */ = {isa = PBXFileReference; lastKnownFileType = image.png; path = bullet.png; sourceTree = "<group>"; };
		D913DE0D1D8C8847000AD569 /* bullet_down.png */ = {isa = PBXFileReference; lastKnownFileType = image.png; path = bullet_down.png; sourceTree = "<group>"; };
		D913DE0F1D8D20C9000AD569 /* boom.png */ = {isa = PBXFileReference; lastKnownFileType = image.png; path = boom.png; sourceTree = "<group>"; };
		D913DEB51D8F1260000AD569 /* ANSceneFinish.h */ = {isa = PBXFileReference; fileEncoding = 4; lastKnownFileType = sourcecode.c.h; path = ANSceneFinish.h; sourceTree = "<group>"; };
		D913DEB61D8F1260000AD569 /* ANSceneFinish.m */ = {isa = PBXFileReference; fileEncoding = 4; lastKnownFileType = sourcecode.c.objc; path = ANSceneFinish.m; sourceTree = "<group>"; };
/* End PBXFileReference section */

/* Begin PBXFrameworksBuildPhase section */
		D913DDA51D8C7CAF000AD569 /* Frameworks */ = {
			isa = PBXFrameworksBuildPhase;
			buildActionMask = 2147483647;
			files = (
				D913DDAE1D8C7CAF000AD569 /* CoreGraphics.framework in Frameworks */,
				D913DDB01D8C7CAF000AD569 /* UIKit.framework in Frameworks */,
				D913DDB21D8C7CAF000AD569 /* SpriteKit.framework in Frameworks */,
				D913DDAC1D8C7CAF000AD569 /* Foundation.framework in Frameworks */,
			);
			runOnlyForDeploymentPostprocessing = 0;
		};
		D913DDD01D8C7CB0000AD569 /* Frameworks */ = {
			isa = PBXFrameworksBuildPhase;
			buildActionMask = 2147483647;
			files = (
				D913DDD51D8C7CB0000AD569 /* XCTest.framework in Frameworks */,
				D913DDD71D8C7CB0000AD569 /* UIKit.framework in Frameworks */,
				D913DDD61D8C7CB0000AD569 /* Foundation.framework in Frameworks */,
			);
			runOnlyForDeploymentPostprocessing = 0;
		};
/* End PBXFrameworksBuildPhase section */

/* Begin PBXGroup section */
		D913DD9F1D8C7CAF000AD569 = {
			isa = PBXGroup;
			children = (
				D913DDB31D8C7CAF000AD569 /* SpaceInvaders */,
				D913DDDA1D8C7CB0000AD569 /* SpaceInvadersTests */,
				D913DDAA1D8C7CAF000AD569 /* Frameworks */,
				D913DDA91D8C7CAF000AD569 /* Products */,
			);
			sourceTree = "<group>";
		};
		D913DDA91D8C7CAF000AD569 /* Products */ = {
			isa = PBXGroup;
			children = (
				D913DDA81D8C7CAF000AD569 /* SpaceInvaders.app */,
				D913DDD31D8C7CB0000AD569 /* SpaceInvadersTests.xctest */,
			);
			name = Products;
			sourceTree = "<group>";
		};
		D913DDAA1D8C7CAF000AD569 /* Frameworks */ = {
			isa = PBXGroup;
			children = (
				D913DDAB1D8C7CAF000AD569 /* Foundation.framework */,
				D913DDAD1D8C7CAF000AD569 /* CoreGraphics.framework */,
				D913DDAF1D8C7CAF000AD569 /* UIKit.framework */,
				D913DDB11D8C7CAF000AD569 /* SpriteKit.framework */,
				D913DDD41D8C7CB0000AD569 /* XCTest.framework */,
			);
			name = Frameworks;
			sourceTree = "<group>";
		};
		D913DDB31D8C7CAF000AD569 /* SpaceInvaders */ = {
			isa = PBXGroup;
			children = (
				D913DDEA1D8C7F76000AD569 /* images */,
				D913DDBC1D8C7CAF000AD569 /* ANAppDelegate.h */,
				D913DDBD1D8C7CAF000AD569 /* ANAppDelegate.m */,
				D913DDBF1D8C7CB0000AD569 /* Main_iPhone.storyboard */,
				D913DDC21D8C7CB0000AD569 /* Main_iPad.storyboard */,
				D913DDC51D8C7CB0000AD569 /* ANViewController.h */,
				D913DDC61D8C7CB0000AD569 /* ANViewController.m */,
				D913DEB51D8F1260000AD569 /* ANSceneFinish.h */,
				D913DEB61D8F1260000AD569 /* ANSceneFinish.m */,
				D913DDC81D8C7CB0000AD569 /* ANMyScene.h */,
				D913DDC91D8C7CB0000AD569 /* ANMyScene.m */,
				D913DDCB1D8C7CB0000AD569 /* Spaceship.png */,
				D913DDCD1D8C7CB0000AD569 /* Images.xcassets */,
				D913DDB41D8C7CAF000AD569 /* Supporting Files */,
			);
			path = SpaceInvaders;
			sourceTree = "<group>";
		};
		D913DDB41D8C7CAF000AD569 /* Supporting Files */ = {
			isa = PBXGroup;
			children = (
				D913DDB51D8C7CAF000AD569 /* SpaceInvaders-Info.plist */,
				D913DDB61D8C7CAF000AD569 /* InfoPlist.strings */,
				D913DDB91D8C7CAF000AD569 /* main.m */,
				D913DDBB1D8C7CAF000AD569 /* SpaceInvaders-Prefix.pch */,
			);
			name = "Supporting Files";
			sourceTree = "<group>";
		};
		D913DDDA1D8C7CB0000AD569 /* SpaceInvadersTests */ = {
			isa = PBXGroup;
			children = (
				D913DDE01D8C7CB0000AD569 /* SpaceInvadersTests.m */,
				D913DDDB1D8C7CB0000AD569 /* Supporting Files */,
			);
			path = SpaceInvadersTests;
			sourceTree = "<group>";
		};
		D913DDDB1D8C7CB0000AD569 /* Supporting Files */ = {
			isa = PBXGroup;
			children = (
				D913DDDC1D8C7CB0000AD569 /* SpaceInvadersTests-Info.plist */,
				D913DDDD1D8C7CB0000AD569 /* InfoPlist.strings */,
			);
			name = "Supporting Files";
			sourceTree = "<group>";
		};
		D913DDEA1D8C7F76000AD569 /* images */ = {
			isa = PBXGroup;
			children = (
				D913DE0F1D8D20C9000AD569 /* boom.png */,
				D913DE0D1D8C8847000AD569 /* bullet_down.png */,
				D913DE0B1D8C868D000AD569 /* bullet.png */,
				D913DDFB1D8C821A000AD569 /* alein11@2x.png */,
				D913DDFC1D8C821A000AD569 /* alien12@2x.png */,
				D913DDFD1D8C821A000AD569 /* alien21@2x.png */,
				D913DDFE1D8C821A000AD569 /* alien22@2x.png */,
				D913DDFF1D8C821A000AD569 /* alien31@2x.png */,
				D913DE001D8C821A000AD569 /* alien32@2x.png */,
				D913DE011D8C821A000AD569 /* aliens_ship@2x.png */,
				D913DE021D8C821A000AD569 /* rocket@2x.png */,
				D913DDEB1D8C7F76000AD569 /* alein11.png */,
				D913DDEC1D8C7F76000AD569 /* alien12.png */,
				D913DDED1D8C7F76000AD569 /* alien21.png */,
				D913DDEE1D8C7F76000AD569 /* alien22.png */,
				D913DDEF1D8C7F76000AD569 /* alien31.png */,
				D913DDF01D8C7F76000AD569 /* alien32.png */,
				D913DDF11D8C7F76000AD569 /* aliens_ship.png */,
				D913DDF21D8C7F76000AD569 /* rocket.png */,
			);
			path = images;
			sourceTree = "<group>";
		};
/* End PBXGroup section */

/* Begin PBXNativeTarget section */
		D913DDA71D8C7CAF000AD569 /* SpaceInvaders */ = {
			isa = PBXNativeTarget;
			buildConfigurationList = D913DDE41D8C7CB0000AD569 /* Build configuration list for PBXNativeTarget "SpaceInvaders" */;
			buildPhases = (
				D913DDA41D8C7CAF000AD569 /* Sources */,
				D913DDA51D8C7CAF000AD569 /* Frameworks */,
				D913DDA61D8C7CAF000AD569 /* Resources */,
			);
			buildRules = (
			);
			dependencies = (
			);
			name = SpaceInvaders;
			productName = SpaceInvaders;
			productReference = D913DDA81D8C7CAF000AD569 /* SpaceInvaders.app */;
			productType = "com.apple.product-type.application";
		};
		D913DDD21D8C7CB0000AD569 /* SpaceInvadersTests */ = {
			isa = PBXNativeTarget;
			buildConfigurationList = D913DDE71D8C7CB0000AD569 /* Build configuration list for PBXNativeTarget "SpaceInvadersTests" */;
			buildPhases = (
				D913DDCF1D8C7CB0000AD569 /* Sources */,
				D913DDD01D8C7CB0000AD569 /* Frameworks */,
				D913DDD11D8C7CB0000AD569 /* Resources */,
			);
			buildRules = (
			);
			dependencies = (
				D913DDD91D8C7CB0000AD569 /* PBXTargetDependency */,
			);
			name = SpaceInvadersTests;
			productName = SpaceInvadersTests;
			productReference = D913DDD31D8C7CB0000AD569 /* SpaceInvadersTests.xctest */;
			productType = "com.apple.product-type.bundle.unit-test";
		};
/* End PBXNativeTarget section */

/* Begin PBXProject section */
		D913DDA01D8C7CAF000AD569 /* Project object */ = {
			isa = PBXProject;
			attributes = {
				CLASSPREFIX = AN;
				LastUpgradeCheck = 0500;
				ORGANIZATIONNAME = "Alex Noyanov";
				TargetAttributes = {
					D913DDD21D8C7CB0000AD569 = {
						TestTargetID = D913DDA71D8C7CAF000AD569;
					};
				};
			};
			buildConfigurationList = D913DDA31D8C7CAF000AD569 /* Build configuration list for PBXProject "SpaceInvaders" */;
			compatibilityVersion = "Xcode 3.2";
			developmentRegion = English;
			hasScannedForEncodings = 0;
			knownRegions = (
				en,
				Base,
			);
			mainGroup = D913DD9F1D8C7CAF000AD569;
			productRefGroup = D913DDA91D8C7CAF000AD569 /* Products */;
			projectDirPath = "";
			projectRoot = "";
			targets = (
				D913DDA71D8C7CAF000AD569 /* SpaceInvaders */,
				D913DDD21D8C7CB0000AD569 /* SpaceInvadersTests */,
			);
		};
/* End PBXProject section */

/* Begin PBXResourcesBuildPhase section */
		D913DDA61D8C7CAF000AD569 /* Resources */ = {
			isa = PBXResourcesBuildPhase;
			buildActionMask = 2147483647;
			files = (
				D913DDCC1D8C7CB0000AD569 /* Spaceship.png in Resources */,
				D913DDCE1D8C7CB0000AD569 /* Images.xcassets in Resources */,
				D913DDF51D8C7F76000AD569 /* alien21.png in Resources */,
				D913DE0C1D8C868D000AD569 /* bullet.png in Resources */,
				D913DDC41D8C7CB0000AD569 /* Main_iPad.storyboard in Resources */,
				D913DE071D8C821A000AD569 /* alien31@2x.png in Resources */,
				D913DDF81D8C7F76000AD569 /* alien32.png in Resources */,
				D913DE091D8C821A000AD569 /* aliens_ship@2x.png in Resources */,
				D913DE101D8D20C9000AD569 /* boom.png in Resources */,
				D913DDFA1D8C7F76000AD569 /* rocket.png in Resources */,
				D913DE0A1D8C821A000AD569 /* rocket@2x.png in Resources */,
				D913DE031D8C821A000AD569 /* alein11@2x.png in Resources */,
				D913DE081D8C821A000AD569 /* alien32@2x.png in Resources */,
				D913DE051D8C821A000AD569 /* alien21@2x.png in Resources */,
				D913DE041D8C821A000AD569 /* alien12@2x.png in Resources */,
				D913DDF91D8C7F76000AD569 /* aliens_ship.png in Resources */,
				D913DDF41D8C7F76000AD569 /* alien12.png in Resources */,
				D913DE061D8C821A000AD569 /* alien22@2x.png in Resources */,
				D913DDC11D8C7CB0000AD569 /* Main_iPhone.storyboard in Resources */,
				D913DE0E1D8C8847000AD569 /* bullet_down.png in Resources */,
				D913DDB81D8C7CAF000AD569 /* InfoPlist.strings in Resources */,
				D913DDF71D8C7F76000AD569 /* alien31.png in Resources */,
				D913DDF61D8C7F76000AD569 /* alien22.png in Resources */,
				D913DDF31D8C7F76000AD569 /* alein11.png in Resources */,
			);
			runOnlyForDeploymentPostprocessing = 0;
		};
		D913DDD11D8C7CB0000AD569 /* Resources */ = {
			isa = PBXResourcesBuildPhase;
			buildActionMask = 2147483647;
			files = (
				D913DDDF1D8C7CB0000AD569 /* InfoPlist.strings in Resources */,
			);
			runOnlyForDeploymentPostprocessing = 0;
		};
/* End PBXResourcesBuildPhase section */

/* Begin PBXSourcesBuildPhase section */
		D913DDA41D8C7CAF000AD569 /* Sources */ = {
			isa = PBXSourcesBuildPhase;
			buildActionMask = 2147483647;
			files = (
				D913DDBA1D8C7CAF000AD569 /* main.m in Sources */,
				D913DDCA1D8C7CB0000AD569 /* ANMyScene.m in Sources */,
				D913DDC71D8C7CB0000AD569 /* ANViewController.m in Sources */,
				D913DDBE1D8C7CAF000AD569 /* ANAppDelegate.m in Sources */,
				D913DEB71D8F1260000AD569 /* ANSceneFinish.m in Sources */,
			);
			runOnlyForDeploymentPostprocessing = 0;
		};
		D913DDCF1D8C7CB0000AD569 /* Sources */ = {
			isa = PBXSourcesBuildPhase;
			buildActionMask = 2147483647;
			files = (
				D913DDE11D8C7CB0000AD569 /* SpaceInvadersTests.m in Sources */,
			);
			runOnlyForDeploymentPostprocessing = 0;
		};
/* End PBXSourcesBuildPhase section */

/* Begin PBXTargetDependency section */
		D913DDD91D8C7CB0000AD569 /* PBXTargetDependency */ = {
			isa = PBXTargetDependency;
			target = D913DDA71D8C7CAF000AD569 /* SpaceInvaders */;
			targetProxy = D913DDD81D8C7CB0000AD569 /* PBXContainerItemProxy */;
		};
/* End PBXTargetDependency section */

/* Begin PBXVariantGroup section */
		D913DDB61D8C7CAF000AD569 /* InfoPlist.strings */ = {
			isa = PBXVariantGroup;
			children = (
				D913DDB71D8C7CAF000AD569 /* en */,
			);
			name = InfoPlist.strings;
			sourceTree = "<group>";
		};
		D913DDBF1D8C7CB0000AD569 /* Main_iPhone.storyboard */ = {
			isa = PBXVariantGroup;
			children = (
				D913DDC01D8C7CB0000AD569 /* Base */,
			);
			name = Main_iPhone.storyboard;
			sourceTree = "<group>";
		};
		D913DDC21D8C7CB0000AD569 /* Main_iPad.storyboard */ = {
			isa = PBXVariantGroup;
			children = (
				D913DDC31D8C7CB0000AD569 /* Base */,
			);
			name = Main_iPad.storyboard;
			sourceTree = "<group>";
		};
		D913DDDD1D8C7CB0000AD569 /* InfoPlist.strings */ = {
			isa = PBXVariantGroup;
			children = (
				D913DDDE1D8C7CB0000AD569 /* en */,
			);
			name = InfoPlist.strings;
			sourceTree = "<group>";
		};
/* End PBXVariantGroup section */

/* Begin XCBuildConfiguration section */
		D913DDE21D8C7CB0000AD569 /* Debug */ = {
			isa = XCBuildConfiguration;
			buildSettings = {
				ALWAYS_SEARCH_USER_PATHS = NO;
				ARCHS = "$(ARCHS_STANDARD_INCLUDING_64_BIT)";
				CLANG_CXX_LANGUAGE_STANDARD = "gnu++0x";
				CLANG_CXX_LIBRARY = "libc++";
				CLANG_ENABLE_MODULES = YES;
				CLANG_ENABLE_OBJC_ARC = YES;
				CLANG_WARN_BOOL_CONVERSION = YES;
				CLANG_WARN_CONSTANT_CONVERSION = YES;
				CLANG_WARN_DIRECT_OBJC_ISA_USAGE = YES_ERROR;
				CLANG_WARN_EMPTY_BODY = YES;
				CLANG_WARN_ENUM_CONVERSION = YES;
				CLANG_WARN_INT_CONVERSION = YES;
				CLANG_WARN_OBJC_ROOT_CLASS = YES_ERROR;
				CLANG_WARN__DUPLICATE_METHOD_MATCH = YES;
				"CODE_SIGN_IDENTITY[sdk=iphoneos*]" = "iPhone Developer";
				COPY_PHASE_STRIP = NO;
				GCC_C_LANGUAGE_STANDARD = gnu99;
				GCC_DYNAMIC_NO_PIC = NO;
				GCC_OPTIMIZATION_LEVEL = 0;
				GCC_PREPROCESSOR_DEFINITIONS = (
					"DEBUG=1",
					"$(inherited)",
				);
				GCC_SYMBOLS_PRIVATE_EXTERN = NO;
				GCC_WARN_64_TO_32_BIT_CONVERSION = YES;
				GCC_WARN_ABOUT_RETURN_TYPE = YES_ERROR;
				GCC_WARN_UNDECLARED_SELECTOR = YES;
				GCC_WARN_UNINITIALIZED_AUTOS = YES;
				GCC_WARN_UNUSED_FUNCTION = YES;
				GCC_WARN_UNUSED_VARIABLE = YES;
				IPHONEOS_DEPLOYMENT_TARGET = 7.0;
				ONLY_ACTIVE_ARCH = YES;
				SDKROOT = iphoneos;
				TARGETED_DEVICE_FAMILY = "1,2";
			};
			name = Debug;
		};
		D913DDE31D8C7CB0000AD569 /* Release */ = {
			isa = XCBuildConfiguration;
			buildSettings = {
				ALWAYS_SEARCH_USER_PATHS = NO;
				ARCHS = "$(ARCHS_STANDARD_INCLUDING_64_BIT)";
				CLANG_CXX_LANGUAGE_STANDARD = "gnu++0x";
				CLANG_CXX_LIBRARY = "libc++";
				CLANG_ENABLE_MODULES = YES;
				CLANG_ENABLE_OBJC_ARC = YES;
				CLANG_WARN_BOOL_CONVERSION = YES;
				CLANG_WARN_CONSTANT_CONVERSION = YES;
				CLANG_WARN_DIRECT_OBJC_ISA_USAGE = YES_ERROR;
				CLANG_WARN_EMPTY_BODY = YES;
				CLANG_WARN_ENUM_CONVERSION = YES;
				CLANG_WARN_INT_CONVERSION = YES;
				CLANG_WARN_OBJC_ROOT_CLASS = YES_ERROR;
				CLANG_WARN__DUPLICATE_METHOD_MATCH = YES;
				"CODE_SIGN_IDENTITY[sdk=iphoneos*]" = "iPhone Developer";
				COPY_PHASE_STRIP = YES;
				ENABLE_NS_ASSERTIONS = NO;
				GCC_C_LANGUAGE_STANDARD = gnu99;
				GCC_WARN_64_TO_32_BIT_CONVERSION = YES;
				GCC_WARN_ABOUT_RETURN_TYPE = YES_ERROR;
				GCC_WARN_UNDECLARED_SELECTOR = YES;
				GCC_WARN_UNINITIALIZED_AUTOS = YES;
				GCC_WARN_UNUSED_FUNCTION = YES;
				GCC_WARN_UNUSED_VARIABLE = YES;
				IPHONEOS_DEPLOYMENT_TARGET = 7.0;
				SDKROOT = iphoneos;
				TARGETED_DEVICE_FAMILY = "1,2";
				VALIDATE_PRODUCT = YES;
			};
			name = Release;
		};
		D913DDE51D8C7CB0000AD569 /* Debug */ = {
			isa = XCBuildConfiguration;
			buildSettings = {
				ASSETCATALOG_COMPILER_APPICON_NAME = AppIcon;
				ASSETCATALOG_COMPILER_LAUNCHIMAGE_NAME = LaunchImage;
				GCC_PRECOMPILE_PREFIX_HEADER = YES;
				GCC_PREFIX_HEADER = "SpaceInvaders/SpaceInvaders-Prefix.pch";
				INFOPLIST_FILE = "SpaceInvaders/SpaceInvaders-Info.plist";
				PRODUCT_NAME = "$(TARGET_NAME)";
				SPRITEKIT_TEXTURE_ATLAS_OUTPUT = YES;
				WRAPPER_EXTENSION = app;
			};
			name = Debug;
		};
		D913DDE61D8C7CB0000AD569 /* Release */ = {
			isa = XCBuildConfiguration;
			buildSettings = {
				ASSETCATALOG_COMPILER_APPICON_NAME = AppIcon;
				ASSETCATALOG_COMPILER_LAUNCHIMAGE_NAME = LaunchImage;
				GCC_PRECOMPILE_PREFIX_HEADER = YES;
				GCC_PREFIX_HEADER = "SpaceInvaders/SpaceInvaders-Prefix.pch";
				INFOPLIST_FILE = "SpaceInvaders/SpaceInvaders-Info.plist";
				PRODUCT_NAME = "$(TARGET_NAME)";
				SPRITEKIT_TEXTURE_ATLAS_OUTPUT = YES;
				WRAPPER_EXTENSION = app;
			};
			name = Release;
		};
		D913DDE81D8C7CB0000AD569 /* Debug */ = {
			isa = XCBuildConfiguration;
			buildSettings = {
				ARCHS = "$(ARCHS_STANDARD_INCLUDING_64_BIT)";
				BUNDLE_LOADER = "$(BUILT_PRODUCTS_DIR)/SpaceInvaders.app/SpaceInvaders";
				FRAMEWORK_SEARCH_PATHS = (
					"$(SDKROOT)/Developer/Library/Frameworks",
					"$(inherited)",
					"$(DEVELOPER_FRAMEWORKS_DIR)",
				);
				GCC_PRECOMPILE_PREFIX_HEADER = YES;
				GCC_PREFIX_HEADER = "SpaceInvaders/SpaceInvaders-Prefix.pch";
				GCC_PREPROCESSOR_DEFINITIONS = (
					"DEBUG=1",
					"$(inherited)",
				);
				INFOPLIST_FILE = "SpaceInvadersTests/SpaceInvadersTests-Info.plist";
				PRODUCT_NAME = "$(TARGET_NAME)";
				TEST_HOST = "$(BUNDLE_LOADER)";
				WRAPPER_EXTENSION = xctest;
			};
			name = Debug;
		};
		D913DDE91D8C7CB0000AD569 /* Release */ = {
			isa = XCBuildConfiguration;
			buildSettings = {
				ARCHS = "$(ARCHS_STANDARD_INCLUDING_64_BIT)";
				BUNDLE_LOADER = "$(BUILT_PRODUCTS_DIR)/SpaceInvaders.app/SpaceInvaders";
				FRAMEWORK_SEARCH_PATHS = (
					"$(SDKROOT)/Developer/Library/Frameworks",
					"$(inherited)",
					"$(DEVELOPER_FRAMEWORKS_DIR)",
				);
				GCC_PRECOMPILE_PREFIX_HEADER = YES;
				GCC_PREFIX_HEADER = "SpaceInvaders/SpaceInvaders-Prefix.pch";
				INFOPLIST_FILE = "SpaceInvadersTests/SpaceInvadersTests-Info.plist";
				PRODUCT_NAME = "$(TARGET_NAME)";
				TEST_HOST = "$(BUNDLE_LOADER)";
				WRAPPER_EXTENSION = xctest;
			};
			name = Release;
		};
/* End XCBuildConfiguration section */

/* Begin XCConfigurationList section */
		D913DDA31D8C7CAF000AD569 /* Build configuration list for PBXProject "SpaceInvaders" */ = {
			isa = XCConfigurationList;
			buildConfigurations = (
				D913DDE21D8C7CB0000AD569 /* Debug */,
				D913DDE31D8C7CB0000AD569 /* Release */,
			);
			defaultConfigurationIsVisible = 0;
			defaultConfigurationName = Release;
		};
		D913DDE41D8C7CB0000AD569 /* Build configuration list for PBXNativeTarget "SpaceInvaders" */ = {
			isa = XCConfigurationList;
			buildConfigurations = (
				D913DDE51D8C7CB0000AD569 /* Debug */,
				D913DDE61D8C7CB0000AD569 /* Release */,
			);
			defaultConfigurationIsVisible = 0;
			defaultConfigurationName = Release;
		};
		D913DDE71D8C7CB0000AD569 /* Build configuration list for PBXNativeTarget "SpaceInvadersTests" */ = {
			isa = XCConfigurationList;
			buildConfigurations = (
				D913DDE81D8C7CB0000AD569 /* Debug */,
				D913DDE91D8C7CB0000AD569 /* Release */,
			);
			defaultConfigurationIsVisible = 0;
			defaultConfigurationName = Release;
		};
/* End XCConfigurationList section */
	};
	rootObject = D913DDA01D8C7CAF000AD569 /* Project object */;
}
